
Microsoft Visual Studio Solution File, Format Version 12.00
# Visual Studio Version 17
VisualStudioVersion = 17.7.34221.43
MinimumVisualStudioVersion = 10.0.40219.1
Project("{FAE04EC0-301F-11D3-BF4B-00C04F79EFBC}") = "backtrack", "backtrack\backtrack.csproj", "{1812BE21-477D-44E0-9739-BCD7395F8BD5}"
EndProject
Global
	GlobalSection(SolutionConfigurationPlatforms) = preSolution
		Debug|Any CPU = Debug|Any CPU
		Release|Any CPU = Release|Any CPU
	EndGlobalSection
	GlobalSection(ProjectConfigurationPlatforms) = postSolution
		{1812BE21-477D-44E0-9739-BCD7395F8BD5}.Debug|Any CPU.ActiveCfg = Debug|Any CPU
		{1812BE21-477D-44E0-9739-BCD7395F8BD5}.Debug|Any CPU.Build.0 = Debug|Any CPU
		{1812BE21-477D-44E0-9739-BCD7395F8BD5}.Release|Any CPU.ActiveCfg = Release|Any CPU
		{1812BE21-477D-44E0-9739-BCD7395F8BD5}.Release|Any CPU.Build.0 = Release|Any CPU
	EndGlobalSection
	GlobalSection(SolutionProperties) = preSolution
		HideSolutionNode = FALSE
	EndGlobalSection
	GlobalSection(ExtensibilityGlobals) = postSolution
		SolutionGuid = {1FB500FE-C403-4252-849D-136BBB7F8752}
	EndGlobalSection
EndGlobal
